
Microsoft Visual Studio Solution File, Format Version 12.00
# Visual Studio Version 16
VisualStudioVersion = 16.0.31729.503
MinimumVisualStudioVersion = 10.0.40219.1
Project("{FAE04EC0-301F-11D3-BF4B-00C04F79EFBC}") = "PROJEKT_KCK1", "PROJEKT_KCK1\PROJEKT_KCK1.csproj", "{8966887D-C373-42D1-8D6D-8A4A908F41B3}"
EndProject
Global
	GlobalSection(SolutionConfigurationPlatforms) = preSolution
		Debug|Any CPU = Debug|Any CPU
		Release|Any CPU = Release|Any CPU
	EndGlobalSection
	GlobalSection(ProjectConfigurationPlatforms) = postSolution
		{8966887D-C373-42D1-8D6D-8A4A908F41B3}.Debug|Any CPU.ActiveCfg = Debug|Any CPU
		{8966887D-C373-42D1-8D6D-8A4A908F41B3}.Debug|Any CPU.Build.0 = Debug|Any CPU
		{8966887D-C373-42D1-8D6D-8A4A908F41B3}.Release|Any CPU.ActiveCfg = Release|Any CPU
		{8966887D-C373-42D1-8D6D-8A4A908F41B3}.Release|Any CPU.Build.0 = Release|Any CPU
	EndGlobalSection
	GlobalSection(SolutionProperties) = preSolution
		HideSolutionNode = FALSE
	EndGlobalSection
	GlobalSection(ExtensibilityGlobals) = postSolution
		SolutionGuid = {E34E103A-77EE-4314-A80A-33A7608BC942}
	EndGlobalSection
EndGlobal
